// !$*UTF8*$!
{
	archiveVersion = 1;
	classes = {
	};
	objectVersion = 46;
	objects = {

/* Begin PBXBuildFile section */
		278065DF1D6DFE3000FC8EFC /* AppDelegate.swift in Sources */ = {isa = PBXBuildFile; fileRef = 278065DE1D6DFE3000FC8EFC /* AppDelegate.swift */; };
		278065E11D6DFE3000FC8EFC /* HomeController.swift in Sources */ = {isa = PBXBuildFile; fileRef = 278065E01D6DFE3000FC8EFC /* HomeController.swift */; };
		278065E41D6DFE3000FC8EFC /* Main.storyboard in Resources */ = {isa = PBXBuildFile; fileRef = 278065E21D6DFE3000FC8EFC /* Main.storyboard */; };
		278065E61D6DFE3000FC8EFC /* Assets.xcassets in Resources */ = {isa = PBXBuildFile; fileRef = 278065E51D6DFE3000FC8EFC /* Assets.xcassets */; };
		278065E91D6DFE3000FC8EFC /* LaunchScreen.storyboard in Resources */ = {isa = PBXBuildFile; fileRef = 278065E71D6DFE3000FC8EFC /* LaunchScreen.storyboard */; };
		278065F21D6F535400FC8EFC /* Extensions.swift in Sources */ = {isa = PBXBuildFile; fileRef = 278065F11D6F535400FC8EFC /* Extensions.swift */; };
		278065F51D6F53DA00FC8EFC /* VideoCell.swift in Sources */ = {isa = PBXBuildFile; fileRef = 278065F41D6F53DA00FC8EFC /* VideoCell.swift */; };
		278065F81D70ABDB00FC8EFC /* MenuBar.swift in Sources */ = {isa = PBXBuildFile; fileRef = 278065F71D70ABDB00FC8EFC /* MenuBar.swift */; };
		2782107C1D7494D600C8063C /* Video.swift in Sources */ = {isa = PBXBuildFile; fileRef = 2782107B1D7494D600C8063C /* Video.swift */; };
		2782107E1D74E0B200C8063C /* SettingsLauncher.swift in Sources */ = {isa = PBXBuildFile; fileRef = 2782107D1D74E0B200C8063C /* SettingsLauncher.swift */; };
/* End PBXBuildFile section */

/* Begin PBXFileReference section */
		278065DB1D6DFE3000FC8EFC /* youtube.app */ = {isa = PBXFileReference; explicitFileType = wrapper.application; includeInIndex = 0; path = youtube.app; sourceTree = BUILT_PRODUCTS_DIR; };
		278065DE1D6DFE3000FC8EFC /* AppDelegate.swift */ = {isa = PBXFileReference; lastKnownFileType = sourcecode.swift; path = AppDelegate.swift; sourceTree = "<group>"; };
		278065E01D6DFE3000FC8EFC /* HomeController.swift */ = {isa = PBXFileReference; lastKnownFileType = sourcecode.swift; path = HomeController.swift; sourceTree = "<group>"; };
		278065E31D6DFE3000FC8EFC /* Base */ = {isa = PBXFileReference; lastKnownFileType = file.storyboard; name = Base; path = Base.lproj/Main.storyboard; sourceTree = "<group>"; };
		278065E51D6DFE3000FC8EFC /* Assets.xcassets */ = {isa = PBXFileReference; lastKnownFileType = folder.assetcatalog; path = Assets.xcassets; sourceTree = "<group>"; };
		278065E81D6DFE3000FC8EFC /* Base */ = {isa = PBXFileReference; lastKnownFileType = file.storyboard; name = Base; path = Base.lproj/LaunchScreen.storyboard; sourceTree = "<group>"; };
		278065EA1D6DFE3000FC8EFC /* Info.plist */ = {isa = PBXFileReference; lastKnownFileType = text.plist.xml; path = Info.plist; sourceTree = "<group>"; };
		278065F11D6F535400FC8EFC /* Extensions.swift */ = {isa = PBXFileReference; fileEncoding = 4; lastKnownFileType = sourcecode.swift; path = Extensions.swift; sourceTree = "<group>"; };
		278065F41D6F53DA00FC8EFC /* VideoCell.swift */ = {isa = PBXFileReference; fileEncoding = 4; lastKnownFileType = sourcecode.swift; path = VideoCell.swift; sourceTree = "<group>"; };
		278065F71D70ABDB00FC8EFC /* MenuBar.swift */ = {isa = PBXFileReference; fileEncoding = 4; lastKnownFileType = sourcecode.swift; path = MenuBar.swift; sourceTree = "<group>"; };
		2782107B1D7494D600C8063C /* Video.swift */ = {isa = PBXFileReference; fileEncoding = 4; lastKnownFileType = sourcecode.swift; path = Video.swift; sourceTree = "<group>"; };
		2782107D1D74E0B200C8063C /* SettingsLauncher.swift */ = {isa = PBXFileReference; fileEncoding = 4; lastKnownFileType = sourcecode.swift; path = SettingsLauncher.swift; sourceTree = "<group>"; };
/* End PBXFileReference section */

/* Begin PBXFrameworksBuildPhase section */
		278065D81D6DFE3000FC8EFC /* Frameworks */ = {
			isa = PBXFrameworksBuildPhase;
			buildActionMask = 2147483647;
			files = (
			);
			runOnlyForDeploymentPostprocessing = 0;
		};
/* End PBXFrameworksBuildPhase section */

/* Begin PBXGroup section */
		278065D21D6DFE3000FC8EFC = {
			isa = PBXGroup;
			children = (
				278065DD1D6DFE3000FC8EFC /* youtube */,
				278065DC1D6DFE3000FC8EFC /* Products */,
			);
			sourceTree = "<group>";
		};
		278065DC1D6DFE3000FC8EFC /* Products */ = {
			isa = PBXGroup;
			children = (
				278065DB1D6DFE3000FC8EFC /* youtube.app */,
			);
			name = Products;
			sourceTree = "<group>";
		};
		278065DD1D6DFE3000FC8EFC /* youtube */ = {
			isa = PBXGroup;
			children = (
				2782107A1D7494A300C8063C /* Model */,
				278065F31D6F53CE00FC8EFC /* View */,
				278065F61D6F541A00FC8EFC /* Controller */,
				278065F01D6F533500FC8EFC /* Helper */,
				278065DE1D6DFE3000FC8EFC /* AppDelegate.swift */,
				278065E21D6DFE3000FC8EFC /* Main.storyboard */,
				278065E51D6DFE3000FC8EFC /* Assets.xcassets */,
				278065E71D6DFE3000FC8EFC /* LaunchScreen.storyboard */,
				278065EA1D6DFE3000FC8EFC /* Info.plist */,
			);
			path = youtube;
			sourceTree = "<group>";
		};
		278065F01D6F533500FC8EFC /* Helper */ = {
			isa = PBXGroup;
			children = (
				278065F11D6F535400FC8EFC /* Extensions.swift */,
			);
			name = Helper;
			sourceTree = "<group>";
		};
		278065F31D6F53CE00FC8EFC /* View */ = {
			isa = PBXGroup;
			children = (
				278065F41D6F53DA00FC8EFC /* VideoCell.swift */,
				278065F71D70ABDB00FC8EFC /* MenuBar.swift */,
			);
			name = View;
			sourceTree = "<group>";
		};
		278065F61D6F541A00FC8EFC /* Controller */ = {
			isa = PBXGroup;
			children = (
				278065E01D6DFE3000FC8EFC /* HomeController.swift */,
				2782107D1D74E0B200C8063C /* SettingsLauncher.swift */,
			);
			name = Controller;
			sourceTree = "<group>";
		};
		2782107A1D7494A300C8063C /* Model */ = {
			isa = PBXGroup;
			children = (
				2782107B1D7494D600C8063C /* Video.swift */,
			);
			name = Model;
			sourceTree = "<group>";
		};
/* End PBXGroup section */

/* Begin PBXNativeTarget section */
		278065DA1D6DFE3000FC8EFC /* youtube */ = {
			isa = PBXNativeTarget;
			buildConfigurationList = 278065ED1D6DFE3000FC8EFC /* Build configuration list for PBXNativeTarget "youtube" */;
			buildPhases = (
				278065D71D6DFE3000FC8EFC /* Sources */,
				278065D81D6DFE3000FC8EFC /* Frameworks */,
				278065D91D6DFE3000FC8EFC /* Resources */,
			);
			buildRules = (
			);
			dependencies = (
			);
			name = youtube;
			productName = youtube;
			productReference = 278065DB1D6DFE3000FC8EFC /* youtube.app */;
			productType = "com.apple.product-type.application";
		};
/* End PBXNativeTarget section */

/* Begin PBXProject section */
		278065D31D6DFE3000FC8EFC /* Project object */ = {
			isa = PBXProject;
			attributes = {
				LastSwiftUpdateCheck = 0730;
				LastUpgradeCheck = 0730;
				ORGANIZATIONNAME = "Jorge Casariego";
				TargetAttributes = {
					278065DA1D6DFE3000FC8EFC = {
						CreatedOnToolsVersion = 7.3.1;
					};
				};
			};
			buildConfigurationList = 278065D61D6DFE3000FC8EFC /* Build configuration list for PBXProject "youtube" */;
			compatibilityVersion = "Xcode 3.2";
			developmentRegion = English;
			hasScannedForEncodings = 0;
			knownRegions = (
				en,
				Base,
			);
			mainGroup = 278065D21D6DFE3000FC8EFC;
			productRefGroup = 278065DC1D6DFE3000FC8EFC /* Products */;
			projectDirPath = "";
			projectRoot = "";
			targets = (
				278065DA1D6DFE3000FC8EFC /* youtube */,
			);
		};
/* End PBXProject section */

/* Begin PBXResourcesBuildPhase section */
		278065D91D6DFE3000FC8EFC /* Resources */ = {
			isa = PBXResourcesBuildPhase;
			buildActionMask = 2147483647;
			files = (
				278065E91D6DFE3000FC8EFC /* LaunchScreen.storyboard in Resources */,
				278065E61D6DFE3000FC8EFC /* Assets.xcassets in Resources */,
				278065E41D6DFE3000FC8EFC /* Main.storyboard in Resources */,
			);
			runOnlyForDeploymentPostprocessing = 0;
		};
/* End PBXResourcesBuildPhase section */

/* Begin PBXSourcesBuildPhase section */
		278065D71D6DFE3000FC8EFC /* Sources */ = {
			isa = PBXSourcesBuildPhase;
			buildActionMask = 2147483647;
			files = (
				278065E11D6DFE3000FC8EFC /* HomeController.swift in Sources */,
				2782107C1D7494D600C8063C /* Video.swift in Sources */,
				278065F51D6F53DA00FC8EFC /* VideoCell.swift in Sources */,
				2782107E1D74E0B200C8063C /* SettingsLauncher.swift in Sources */,
				278065F21D6F535400FC8EFC /* Extensions.swift in Sources */,
				278065DF1D6DFE3000FC8EFC /* AppDelegate.swift in Sources */,
				278065F81D70ABDB00FC8EFC /* MenuBar.swift in Sources */,
			);
			runOnlyForDeploymentPostprocessing = 0;
		};
/* End PBXSourcesBuildPhase section */

/* Begin PBXVariantGroup section */
		278065E21D6DFE3000FC8EFC /* Main.storyboard */ = {
			isa = PBXVariantGroup;
			children = (
				278065E31D6DFE3000FC8EFC /* Base */,
			);
			name = Main.storyboard;
			sourceTree = "<group>";
		};
		278065E71D6DFE3000FC8EFC /* LaunchScreen.storyboard */ = {
			isa = PBXVariantGroup;
			children = (
				278065E81D6DFE3000FC8EFC /* Base */,
			);
			name = LaunchScreen.storyboard;
			sourceTree = "<group>";
		};
/* End PBXVariantGroup section */

/* Begin XCBuildConfiguration section */
		278065EB1D6DFE3000FC8EFC /* Debug */ = {
			isa = XCBuildConfiguration;
			buildSettings = {
				ALWAYS_SEARCH_USER_PATHS = NO;
				CLANG_ANALYZER_NONNULL = YES;
				CLANG_CXX_LANGUAGE_STANDARD = "gnu++0x";
				CLANG_CXX_LIBRARY = "libc++";
				CLANG_ENABLE_MODULES = YES;
				CLANG_ENABLE_OBJC_ARC = YES;
				CLANG_WARN_BOOL_CONVERSION = YES;
				CLANG_WARN_CONSTANT_CONVERSION = YES;
				CLANG_WARN_DIRECT_OBJC_ISA_USAGE = YES_ERROR;
				CLANG_WARN_EMPTY_BODY = YES;
				CLANG_WARN_ENUM_CONVERSION = YES;
				CLANG_WARN_INT_CONVERSION = YES;
				CLANG_WARN_OBJC_ROOT_CLASS = YES_ERROR;
				CLANG_WARN_UNREACHABLE_CODE = YES;
				CLANG_WARN__DUPLICATE_METHOD_MATCH = YES;
				"CODE_SIGN_IDENTITY[sdk=iphoneos*]" = "iPhone Developer";
				COPY_PHASE_STRIP = NO;
				DEBUG_INFORMATION_FORMAT = dwarf;
				ENABLE_STRICT_OBJC_MSGSEND = YES;
				ENABLE_TESTABILITY = YES;
				GCC_C_LANGUAGE_STANDARD = gnu99;
				GCC_DYNAMIC_NO_PIC = NO;
				GCC_NO_COMMON_BLOCKS = YES;
				GCC_OPTIMIZATION_LEVEL = 0;
				GCC_PREPROCESSOR_DEFINITIONS = (
					"DEBUG=1",
					"$(inherited)",
				);
				GCC_WARN_64_TO_32_BIT_CONVERSION = YES;
				GCC_WARN_ABOUT_RETURN_TYPE = YES_ERROR;
				GCC_WARN_UNDECLARED_SELECTOR = YES;
				GCC_WARN_UNINITIALIZED_AUTOS = YES_AGGRESSIVE;
				GCC_WARN_UNUSED_FUNCTION = YES;
				GCC_WARN_UNUSED_VARIABLE = YES;
				IPHONEOS_DEPLOYMENT_TARGET = 9.3;
				MTL_ENABLE_DEBUG_INFO = YES;
				ONLY_ACTIVE_ARCH = YES;
				SDKROOT = iphoneos;
				SWIFT_OPTIMIZATION_LEVEL = "-Onone";
				TARGETED_DEVICE_FAMILY = "1,2";
			};
			name = Debug;
		};
		278065EC1D6DFE3000FC8EFC /* Release */ = {
			isa = XCBuildConfiguration;
			buildSettings = {
				ALWAYS_SEARCH_USER_PATHS = NO;
				CLANG_ANALYZER_NONNULL = YES;
				CLANG_CXX_LANGUAGE_STANDARD = "gnu++0x";
				CLANG_CXX_LIBRARY = "libc++";
				CLANG_ENABLE_MODULES = YES;
				CLANG_ENABLE_OBJC_ARC = YES;
				CLANG_WARN_BOOL_CONVERSION = YES;
				CLANG_WARN_CONSTANT_CONVERSION = YES;
				CLANG_WARN_DIRECT_OBJC_ISA_USAGE = YES_ERROR;
				CLANG_WARN_EMPTY_BODY = YES;
				CLANG_WARN_ENUM_CONVERSION = YES;
				CLANG_WARN_INT_CONVERSION = YES;
				CLANG_WARN_OBJC_ROOT_CLASS = YES_ERROR;
				CLANG_WARN_UNREACHABLE_CODE = YES;
				CLANG_WARN__DUPLICATE_METHOD_MATCH = YES;
				"CODE_SIGN_IDENTITY[sdk=iphoneos*]" = "iPhone Developer";
				COPY_PHASE_STRIP = NO;
				DEBUG_INFORMATION_FORMAT = "dwarf-with-dsym";
				ENABLE_NS_ASSERTIONS = NO;
				ENABLE_STRICT_OBJC_MSGSEND = YES;
				GCC_C_LANGUAGE_STANDARD = gnu99;
				GCC_NO_COMMON_BLOCKS = YES;
				GCC_WARN_64_TO_32_BIT_CONVERSION = YES;
				GCC_WARN_ABOUT_RETURN_TYPE = YES_ERROR;
				GCC_WARN_UNDECLARED_SELECTOR = YES;
				GCC_WARN_UNINITIALIZED_AUTOS = YES_AGGRESSIVE;
				GCC_WARN_UNUSED_FUNCTION = YES;
				GCC_WARN_UNUSED_VARIABLE = YES;
				IPHONEOS_DEPLOYMENT_TARGET = 9.3;
				MTL_ENABLE_DEBUG_INFO = NO;
				SDKROOT = iphoneos;
				TARGETED_DEVICE_FAMILY = "1,2";
				VALIDATE_PRODUCT = YES;
			};
			name = Release;
		};
		278065EE1D6DFE3000FC8EFC /* Debug */ = {
			isa = XCBuildConfiguration;
			buildSettings = {
				ASSETCATALOG_COMPILER_APPICON_NAME = AppIcon;
				INFOPLIST_FILE = youtube/Info.plist;
				LD_RUNPATH_SEARCH_PATHS = "$(inherited) @executable_path/Frameworks";
				PRODUCT_BUNDLE_IDENTIFIER = jorgecasariego.me.youtube;
				PRODUCT_NAME = "$(TARGET_NAME)";
			};
			name = Debug;
		};
		278065EF1D6DFE3000FC8EFC /* Release */ = {
			isa = XCBuildConfiguration;
			buildSettings = {
				ASSETCATALOG_COMPILER_APPICON_NAME = AppIcon;
				INFOPLIST_FILE = youtube/Info.plist;
				LD_RUNPATH_SEARCH_PATHS = "$(inherited) @executable_path/Frameworks";
				PRODUCT_BUNDLE_IDENTIFIER = jorgecasariego.me.youtube;
				PRODUCT_NAME = "$(TARGET_NAME)";
			};
			name = Release;
		};
/* End XCBuildConfiguration section */

/* Begin XCConfigurationList section */
		278065D61D6DFE3000FC8EFC /* Build configuration list for PBXProject "youtube" */ = {
			isa = XCConfigurationList;
			buildConfigurations = (
				278065EB1D6DFE3000FC8EFC /* Debug */,
				278065EC1D6DFE3000FC8EFC /* Release */,
			);
			defaultConfigurationIsVisible = 0;
			defaultConfigurationName = Release;
		};
		278065ED1D6DFE3000FC8EFC /* Build configuration list for PBXNativeTarget "youtube" */ = {
			isa = XCConfigurationList;
			buildConfigurations = (
				278065EE1D6DFE3000FC8EFC /* Debug */,
				278065EF1D6DFE3000FC8EFC /* Release */,
			);
			defaultConfigurationIsVisible = 0;
			defaultConfigurationName = Release;
		};
/* End XCConfigurationList section */
	};
	rootObject = 278065D31D6DFE3000FC8EFC /* Project object */;
}
